PODS:
  - AFNetworking (4.0.1):
    - AFNetworking/NSURLSession (= 4.0.1)
    - AFNetworking/Reachability (= 4.0.1)
    - AFNetworking/Security (= 4.0.1)
    - AFNetworking/Serialization (= 4.0.1)
    - AFNetworking/UIKit (= 4.0.1)
  - AFNetworking/NSURLSession (4.0.1):
    - AFNetworking/Reachability
    - AFNetworking/Security
    - AFNetworking/Serialization
  - AFNetworking/Reachability (4.0.1)
  - AFNetworking/Security (4.0.1)
  - AFNetworking/Serialization (4.0.1)
  - AFNetworking/UIKit (4.0.1):
    - AFNetworking/NSURLSession
  - CocoaAsyncSocket (7.6.5)
  - FBSnapshotTestCase (2.1.4):
    - FBSnapshotTestCase/SwiftSupport (= 2.1.4)
  - FBSnapshotTestCase/Core (2.1.4)
  - FBSnapshotTestCase/SwiftSupport (2.1.4):
    - FBSnapshotTestCase/Core
  - HLJZhongkeControl (0.2.1):
    - AFNetworking
    - CocoaAsyncSocket (~> 7.6.5)
    - MQTTClient
    - SDWebImage
    - Toast
    - YYModel
  - MQTTClient (0.15.3):
    - MQTTClient/Core (= 0.15.3)
  - MQTTClient/Core (0.15.3):
    - MQTTClient/Manager
    - MQTTClient/Min
  - MQTTClient/Manager (0.15.3):
    - MQTTClient/Min
  - MQTTClient/Min (0.15.3)
  - SDWebImage (5.10.4):
    - SDWebImage/Core (= 5.10.4)
  - SDWebImage/Core (5.10.4)
  - Toast (4.0.0)
  - YYModel (1.0.4)

DEPENDENCIES:
  - FBSnapshotTestCase
  - HLJZhongkeControl (from `../`)

SPEC REPOS:
  trunk:
    - AFNetworking
    - CocoaAsyncSocket
    - FBSnapshotTestCase
    - MQTTClient
    - SDWebImage
    - Toast
    - YYModel

EXTERNAL SOURCES:
  HLJZhongkeControl:
    :path: "../"

SPEC CHECKSUMS:
  AFNetworking: 7864c38297c79aaca1500c33288e429c3451fdce
  CocoaAsyncSocket: 065fd1e645c7abab64f7a6a2007a48038fdc6a99
  FBSnapshotTestCase: 094f9f314decbabe373b87cc339bea235a63e07a
  HLJZhongkeControl: a1049a5d8676e07453e287fe2c9ac93036092b07
  MQTTClient: 0dfa04e789479c2e461786464969895c1fcb0875
  SDWebImage: c666b97e1fa9c64b4909816a903322018f0a9c84
  Toast: 91b396c56ee72a5790816f40d3a94dd357abc196
  YYModel: 2a7fdd96aaa4b86a824e26d0c517de8928c04b30

PODFILE CHECKSUM: eb0c4a440f13d89392b7031605c9c349ece8fc3e

COCOAPODS: 1.10.1
